// !$*UTF8*$!
{
	archiveVersion = 1;
	classes = {
	};
	objectVersion = 51;
	objects = {

/* Begin PBXBuildFile section */
		18059E0B23801E740007CA0A /* Main.storyboard in Resources */ = {isa = PBXBuildFile; fileRef = 18059E0923801E740007CA0A /* Main.storyboard */; };
		18059E0D23801E760007CA0A /* Assets.xcassets in Resources */ = {isa = PBXBuildFile; fileRef = 18059E0C23801E760007CA0A /* Assets.xcassets */; };
		18059E1023801E760007CA0A /* LaunchScreen.storyboard in Resources */ = {isa = PBXBuildFile; fileRef = 18059E0E23801E760007CA0A /* LaunchScreen.storyboard */; };
		18059E1B23801E760007CA0A /* TripTests.swift in Sources */ = {isa = PBXBuildFile; fileRef = 18059E1A23801E760007CA0A /* TripTests.swift */; };
		18059E2623801E760007CA0A /* TripUITests.swift in Sources */ = {isa = PBXBuildFile; fileRef = 18059E2523801E760007CA0A /* TripUITests.swift */; };
		3B0BA495239E47600043D9FE /* Colortext.swift in Sources */ = {isa = PBXBuildFile; fileRef = 3B0BA494239E47600043D9FE /* Colortext.swift */; };
		3B0BC9C1238FC9BD00CDED5A /* ReservationViewController.swift in Sources */ = {isa = PBXBuildFile; fileRef = 3B0BC9C0238FC9BD00CDED5A /* ReservationViewController.swift */; };
		3B0BC9C4238FCAFC00CDED5A /* PreviousReservationTableViewCell.swift in Sources */ = {isa = PBXBuildFile; fileRef = 3B0BC9C2238FCAFC00CDED5A /* PreviousReservationTableViewCell.swift */; };
		3B0BC9C5238FCAFC00CDED5A /* PreviousReservationTableViewCell.xib in Resources */ = {isa = PBXBuildFile; fileRef = 3B0BC9C3238FCAFC00CDED5A /* PreviousReservationTableViewCell.xib */; };
		3B0BC9C8238FCB2900CDED5A /* CurrentReservationTableViewCell.swift in Sources */ = {isa = PBXBuildFile; fileRef = 3B0BC9C6238FCB2900CDED5A /* CurrentReservationTableViewCell.swift */; };
		3B0BC9C9238FCB2900CDED5A /* CurrentReservationTableViewCell.xib in Resources */ = {isa = PBXBuildFile; fileRef = 3B0BC9C7238FCB2900CDED5A /* CurrentReservationTableViewCell.xib */; };
		3B1414E42393C0E7003DD08C /* CarDetailsViewController.swift in Sources */ = {isa = PBXBuildFile; fileRef = 3B1414E32393C0E7003DD08C /* CarDetailsViewController.swift */; };
		3B1414EE2394211A003DD08C /* SearchViewController.swift in Sources */ = {isa = PBXBuildFile; fileRef = 3B1414ED2394211A003DD08C /* SearchViewController.swift */; };
		3B14AB74238D22360065EB8C /* AppDelegate.swift in Sources */ = {isa = PBXBuildFile; fileRef = 3B14AB73238D22360065EB8C /* AppDelegate.swift */; };
		3B150FBC238E673400272A42 /* MenuViewController.swift in Sources */ = {isa = PBXBuildFile; fileRef = 3B150FB4238E673300272A42 /* MenuViewController.swift */; };
		3B150FBD238E673400272A42 /* MenuTableViewCell.swift in Sources */ = {isa = PBXBuildFile; fileRef = 3B150FB6238E673300272A42 /* MenuTableViewCell.swift */; };
		3B150FBE238E673400272A42 /* Alert.swift in Sources */ = {isa = PBXBuildFile; fileRef = 3B150FB8238E673400272A42 /* Alert.swift */; };
		3B150FBF238E673400272A42 /* CardView.swift in Sources */ = {isa = PBXBuildFile; fileRef = 3B150FB9238E673400272A42 /* CardView.swift */; };
		3B150FC0238E673400272A42 /* DesignableUITextField.swift in Sources */ = {isa = PBXBuildFile; fileRef = 3B150FBA238E673400272A42 /* DesignableUITextField.swift */; };
		3B150FC1238E673400272A42 /* Maps.swift in Sources */ = {isa = PBXBuildFile; fileRef = 3B150FBB238E673400272A42 /* Maps.swift */; };
		3B177EC42397BB48001E5523 /* RequestsViewController.swift in Sources */ = {isa = PBXBuildFile; fileRef = 3B177EC32397BB48001E5523 /* RequestsViewController.swift */; };
		3B177EC72397BB86001E5523 /* RequestCellTableViewCell.swift in Sources */ = {isa = PBXBuildFile; fileRef = 3B177EC62397BB86001E5523 /* RequestCellTableViewCell.swift */; };
		3B177EC92397E8BB001E5523 /* SettingsViewController.swift in Sources */ = {isa = PBXBuildFile; fileRef = 3B177EC82397E8BB001E5523 /* SettingsViewController.swift */; };
		3B35F82B239942F400B51572 /* EndTripViewController.swift in Sources */ = {isa = PBXBuildFile; fileRef = 3B35F82A239942F400B51572 /* EndTripViewController.swift */; };
		3B6B79892392935B0071853C /* InviteFriendViewController.swift in Sources */ = {isa = PBXBuildFile; fileRef = 3B6B79882392935B0071853C /* InviteFriendViewController.swift */; };
		3B6B798B239293A70071853C /* SocialLinksCollectionViewCell.swift in Sources */ = {isa = PBXBuildFile; fileRef = 3B6B798A239293A70071853C /* SocialLinksCollectionViewCell.swift */; };
		3B72024823950F810088714B /* SearchNormalViewController.swift in Sources */ = {isa = PBXBuildFile; fileRef = 3B72024723950F810088714B /* SearchNormalViewController.swift */; };
		3B72024A23950FB60088714B /* SearchAdvancedViewController.swift in Sources */ = {isa = PBXBuildFile; fileRef = 3B72024923950FB60088714B /* SearchAdvancedViewController.swift */; };
		3B72024D2395206D0088714B /* SearchCellTableViewCell.swift in Sources */ = {isa = PBXBuildFile; fileRef = 3B72024C2395206D0088714B /* SearchCellTableViewCell.swift */; };
		6853591C1B8BBFBEC058E730 /* Pods_Trip.framework in Frameworks */ = {isa = PBXBuildFile; fileRef = 91C4BBEA25965A0590A26ECF /* Pods_Trip.framework */; };
		7274CDF3E11DAA7FE550425A /* Pods_TripUITests.framework in Frameworks */ = {isa = PBXBuildFile; fileRef = B00D0E18D77A60A26CF40F60 /* Pods_TripUITests.framework */; };
		81034E58238FC02A00A9AC53 /* LogInViewController.swift in Sources */ = {isa = PBXBuildFile; fileRef = 81034E57238FC02A00A9AC53 /* LogInViewController.swift */; };
		81034E5C238FC07200A9AC53 /* RegisterViewController.swift in Sources */ = {isa = PBXBuildFile; fileRef = 81034E5B238FC07200A9AC53 /* RegisterViewController.swift */; };
		81034E5F238FC2B000A9AC53 /* ForgotPasswordViewController.swift in Sources */ = {isa = PBXBuildFile; fileRef = 81034E5E238FC2B000A9AC53 /* ForgotPasswordViewController.swift */; };
		8103B8E02397CF1900A171A6 /* ReserveTripViewController.swift in Sources */ = {isa = PBXBuildFile; fileRef = 8103B8DF2397CF1900A171A6 /* ReserveTripViewController.swift */; };
		8135851E238FE52F006978CE /* Upload.swift in Sources */ = {isa = PBXBuildFile; fileRef = 8135851D238FE52F006978CE /* Upload.swift */; };
		81358524238FEC7E006978CE /* NotificationsViewController.swift in Sources */ = {isa = PBXBuildFile; fileRef = 81358523238FEC7E006978CE /* NotificationsViewController.swift */; };
		81358526238FECA1006978CE /* NotificationTableViewCell.swift in Sources */ = {isa = PBXBuildFile; fileRef = 81358525238FECA1006978CE /* NotificationTableViewCell.swift */; };
		8135852E2392C9FC006978CE /* TabBarViewController.swift in Sources */ = {isa = PBXBuildFile; fileRef = 8135852D2392C9FC006978CE /* TabBarViewController.swift */; };
		813E55CB239E60AD0043329A /* RequestAgree.swift in Sources */ = {isa = PBXBuildFile; fileRef = 813E55CA239E60AD0043329A /* RequestAgree.swift */; };
		813E55CF239E60F10043329A /* Request.swift in Sources */ = {isa = PBXBuildFile; fileRef = 813E55CE239E60F10043329A /* Request.swift */; };
		814014182392DB5D00B89210 /* HomeViewController.swift in Sources */ = {isa = PBXBuildFile; fileRef = 814014172392DB5D00B89210 /* HomeViewController.swift */; };
		8140141A2392DCBA00B89210 /* RecentCollectionViewCell.swift in Sources */ = {isa = PBXBuildFile; fileRef = 814014192392DCBA00B89210 /* RecentCollectionViewCell.swift */; };
		8140141C2392DD3B00B89210 /* TopRatedCollectionViewCell.swift in Sources */ = {isa = PBXBuildFile; fileRef = 8140141B2392DD3B00B89210 /* TopRatedCollectionViewCell.swift */; };
		8140141E2393026400B89210 /* ReservationDetailsViewController.swift in Sources */ = {isa = PBXBuildFile; fileRef = 8140141D2393026400B89210 /* ReservationDetailsViewController.swift */; };
		814014202393057600B89210 /* NewReservationDetailsViewController.swift in Sources */ = {isa = PBXBuildFile; fileRef = 8140141F2393057600B89210 /* NewReservationDetailsViewController.swift */; };
		814014242393B9B200B89210 /* ProfileViewController.swift in Sources */ = {isa = PBXBuildFile; fileRef = 814014232393B9B200B89210 /* ProfileViewController.swift */; };
		814014262393BABD00B89210 /* EditCarDetailsViewController.swift in Sources */ = {isa = PBXBuildFile; fileRef = 814014252393BABD00B89210 /* EditCarDetailsViewController.swift */; };
		814014282393EB7E00B89210 /* model.swift in Sources */ = {isa = PBXBuildFile; fileRef = 814014272393EB7E00B89210 /* model.swift */; };
		8140142C2393FE7B00B89210 /* NotificationDetailsViewController.swift in Sources */ = {isa = PBXBuildFile; fileRef = 8140142B2393FE7B00B89210 /* NotificationDetailsViewController.swift */; };
		8140142E2393FEA900B89210 /* EditeProfileViewController.swift in Sources */ = {isa = PBXBuildFile; fileRef = 8140142D2393FEA900B89210 /* EditeProfileViewController.swift */; };
		814014302393FF0D00B89210 /* StartPopUp.swift in Sources */ = {isa = PBXBuildFile; fileRef = 8140142F2393FF0D00B89210 /* StartPopUp.swift */; };
		814014322393FF2400B89210 /* CancelPopUp.swift in Sources */ = {isa = PBXBuildFile; fileRef = 814014312393FF2400B89210 /* CancelPopUp.swift */; };
		814014342394009900B89210 /* AddCarViewController.swift in Sources */ = {isa = PBXBuildFile; fileRef = 814014332394009900B89210 /* AddCarViewController.swift */; };
		814014362394073800B89210 /* InviteByPhoneViewController.swift in Sources */ = {isa = PBXBuildFile; fileRef = 814014352394073800B89210 /* InviteByPhoneViewController.swift */; };
		814014382394074700B89210 /* InviteByMailViewController.swift in Sources */ = {isa = PBXBuildFile; fileRef = 814014372394074600B89210 /* InviteByMailViewController.swift */; };
		8140143A2394089D00B89210 /* TermsViewController.swift in Sources */ = {isa = PBXBuildFile; fileRef = 814014392394089D00B89210 /* TermsViewController.swift */; };
		8140143C239408B200B89210 /* PolicyViewController.swift in Sources */ = {isa = PBXBuildFile; fileRef = 8140143B239408B200B89210 /* PolicyViewController.swift */; };
		8140143E2394090400B89210 /* HelpViewController.swift in Sources */ = {isa = PBXBuildFile; fileRef = 8140143D2394090400B89210 /* HelpViewController.swift */; };
		814014402394094400B89210 /* ContactUsViewController.swift in Sources */ = {isa = PBXBuildFile; fileRef = 8140143F2394094400B89210 /* ContactUsViewController.swift */; };
		8140144223940A5F00B89210 /* AgreementsViewController.swift in Sources */ = {isa = PBXBuildFile; fileRef = 8140144123940A5F00B89210 /* AgreementsViewController.swift */; };
		8163803A238E6F9A002B58D7 /* Constants.swift in Sources */ = {isa = PBXBuildFile; fileRef = 81638037238E6F9A002B58D7 /* Constants.swift */; };
		8163803B238E6F9A002B58D7 /* APIClient.swift in Sources */ = {isa = PBXBuildFile; fileRef = 81638038238E6F9A002B58D7 /* APIClient.swift */; };
		8163803C238E6F9A002B58D7 /* APIRouter.swift in Sources */ = {isa = PBXBuildFile; fileRef = 81638039238E6F9A002B58D7 /* APIRouter.swift */; };
		81638064238ED568002B58D7 /* second.storyboard in Resources */ = {isa = PBXBuildFile; fileRef = 81638063238ED568002B58D7 /* second.storyboard */; };
		817BDC49239BFCD70066EC18 /* GoogleService-Info.plist in Resources */ = {isa = PBXBuildFile; fileRef = 817BDC48239BFCD70066EC18 /* GoogleService-Info.plist */; };
		81D66E2D2395483F009F8A13 /* Login.swift in Sources */ = {isa = PBXBuildFile; fileRef = 81D66E2C2395483F009F8A13 /* Login.swift */; };
		81D66E302395486D009F8A13 /* Notes.swift in Sources */ = {isa = PBXBuildFile; fileRef = 81D66E2F2395486D009F8A13 /* Notes.swift */; };
		81D66E3323954892009F8A13 /* Cars.swift in Sources */ = {isa = PBXBuildFile; fileRef = 81D66E3223954892009F8A13 /* Cars.swift */; };
		81D66E35239551B1009F8A13 /* MapKitViewController.swift in Sources */ = {isa = PBXBuildFile; fileRef = 81D66E34239551B1009F8A13 /* MapKitViewController.swift */; };
		E11A07E6A8316476C0BB3E6B /* Pods_TripTests.framework in Frameworks */ = {isa = PBXBuildFile; fileRef = 3116ADE0C4FA0B95350277D2 /* Pods_TripTests.framework */; };
/* End PBXBuildFile section */

/* Begin PBXContainerItemProxy section */
		18059E1723801E760007CA0A /* PBXContainerItemProxy */ = {
			isa = PBXContainerItemProxy;
			containerPortal = 18059DF823801E740007CA0A /* Project object */;
			proxyType = 1;
			remoteGlobalIDString = 18059DFF23801E740007CA0A;
			remoteInfo = Trip;
		};
		18059E2223801E760007CA0A /* PBXContainerItemProxy */ = {
			isa = PBXContainerItemProxy;
			containerPortal = 18059DF823801E740007CA0A /* Project object */;
			proxyType = 1;
			remoteGlobalIDString = 18059DFF23801E740007CA0A;
			remoteInfo = Trip;
		};
/* End PBXContainerItemProxy section */

/* Begin PBXFileReference section */
		18059E0023801E740007CA0A /* Trip.app */ = {isa = PBXFileReference; explicitFileType = wrapper.application; includeInIndex = 0; path = Trip.app; sourceTree = BUILT_PRODUCTS_DIR; };
		18059E0A23801E740007CA0A /* Base */ = {isa = PBXFileReference; lastKnownFileType = file.storyboard; name = Base; path = Base.lproj/Main.storyboard; sourceTree = "<group>"; };
		18059E0C23801E760007CA0A /* Assets.xcassets */ = {isa = PBXFileReference; lastKnownFileType = folder.assetcatalog; path = Assets.xcassets; sourceTree = "<group>"; };
		18059E0F23801E760007CA0A /* Base */ = {isa = PBXFileReference; lastKnownFileType = file.storyboard; name = Base; path = Base.lproj/LaunchScreen.storyboard; sourceTree = "<group>"; };
		18059E1123801E760007CA0A /* Info.plist */ = {isa = PBXFileReference; lastKnownFileType = text.plist.xml; path = Info.plist; sourceTree = "<group>"; };
		18059E1623801E760007CA0A /* TripTests.xctest */ = {isa = PBXFileReference; explicitFileType = wrapper.cfbundle; includeInIndex = 0; path = TripTests.xctest; sourceTree = BUILT_PRODUCTS_DIR; };
		18059E1A23801E760007CA0A /* TripTests.swift */ = {isa = PBXFileReference; lastKnownFileType = sourcecode.swift; path = TripTests.swift; sourceTree = "<group>"; };
		18059E1C23801E760007CA0A /* Info.plist */ = {isa = PBXFileReference; lastKnownFileType = text.plist.xml; path = Info.plist; sourceTree = "<group>"; };
		18059E2123801E760007CA0A /* TripUITests.xctest */ = {isa = PBXFileReference; explicitFileType = wrapper.cfbundle; includeInIndex = 0; path = TripUITests.xctest; sourceTree = BUILT_PRODUCTS_DIR; };
		18059E2523801E760007CA0A /* TripUITests.swift */ = {isa = PBXFileReference; lastKnownFileType = sourcecode.swift; path = TripUITests.swift; sourceTree = "<group>"; };
		18059E2723801E760007CA0A /* Info.plist */ = {isa = PBXFileReference; lastKnownFileType = text.plist.xml; path = Info.plist; sourceTree = "<group>"; };
		3116ADE0C4FA0B95350277D2 /* Pods_TripTests.framework */ = {isa = PBXFileReference; explicitFileType = wrapper.framework; includeInIndex = 0; path = Pods_TripTests.framework; sourceTree = BUILT_PRODUCTS_DIR; };
		3B0BA494239E47600043D9FE /* Colortext.swift */ = {isa = PBXFileReference; lastKnownFileType = sourcecode.swift; path = Colortext.swift; sourceTree = "<group>"; };
		3B0BC9C0238FC9BD00CDED5A /* ReservationViewController.swift */ = {isa = PBXFileReference; lastKnownFileType = sourcecode.swift; path = ReservationViewController.swift; sourceTree = "<group>"; };
		3B0BC9C2238FCAFC00CDED5A /* PreviousReservationTableViewCell.swift */ = {isa = PBXFileReference; lastKnownFileType = sourcecode.swift; path = PreviousReservationTableViewCell.swift; sourceTree = "<group>"; };
		3B0BC9C3238FCAFC00CDED5A /* PreviousReservationTableViewCell.xib */ = {isa = PBXFileReference; lastKnownFileType = file.xib; path = PreviousReservationTableViewCell.xib; sourceTree = "<group>"; };
		3B0BC9C6238FCB2900CDED5A /* CurrentReservationTableViewCell.swift */ = {isa = PBXFileReference; lastKnownFileType = sourcecode.swift; path = CurrentReservationTableViewCell.swift; sourceTree = "<group>"; };
		3B0BC9C7238FCB2900CDED5A /* CurrentReservationTableViewCell.xib */ = {isa = PBXFileReference; lastKnownFileType = file.xib; path = CurrentReservationTableViewCell.xib; sourceTree = "<group>"; };
		3B1414E32393C0E7003DD08C /* CarDetailsViewController.swift */ = {isa = PBXFileReference; lastKnownFileType = sourcecode.swift; path = CarDetailsViewController.swift; sourceTree = "<group>"; };
		3B1414ED2394211A003DD08C /* SearchViewController.swift */ = {isa = PBXFileReference; lastKnownFileType = sourcecode.swift; path = SearchViewController.swift; sourceTree = "<group>"; };
		3B14AB73238D22360065EB8C /* AppDelegate.swift */ = {isa = PBXFileReference; fileEncoding = 4; lastKnownFileType = sourcecode.swift; path = AppDelegate.swift; sourceTree = "<group>"; };
		3B150FB4238E673300272A42 /* MenuViewController.swift */ = {isa = PBXFileReference; fileEncoding = 4; lastKnownFileType = sourcecode.swift; path = MenuViewController.swift; sourceTree = "<group>"; };
		3B150FB6238E673300272A42 /* MenuTableViewCell.swift */ = {isa = PBXFileReference; fileEncoding = 4; lastKnownFileType = sourcecode.swift; path = MenuTableViewCell.swift; sourceTree = "<group>"; };
		3B150FB8238E673400272A42 /* Alert.swift */ = {isa = PBXFileReference; fileEncoding = 4; lastKnownFileType = sourcecode.swift; path = Alert.swift; sourceTree = "<group>"; };
		3B150FB9238E673400272A42 /* CardView.swift */ = {isa = PBXFileReference; fileEncoding = 4; lastKnownFileType = sourcecode.swift; path = CardView.swift; sourceTree = "<group>"; };
		3B150FBA238E673400272A42 /* DesignableUITextField.swift */ = {isa = PBXFileReference; fileEncoding = 4; lastKnownFileType = sourcecode.swift; path = DesignableUITextField.swift; sourceTree = "<group>"; };
		3B150FBB238E673400272A42 /* Maps.swift */ = {isa = PBXFileReference; fileEncoding = 4; lastKnownFileType = sourcecode.swift; path = Maps.swift; sourceTree = "<group>"; };
		3B177EC32397BB48001E5523 /* RequestsViewController.swift */ = {isa = PBXFileReference; lastKnownFileType = sourcecode.swift; path = RequestsViewController.swift; sourceTree = "<group>"; };
		3B177EC62397BB86001E5523 /* RequestCellTableViewCell.swift */ = {isa = PBXFileReference; lastKnownFileType = sourcecode.swift; path = RequestCellTableViewCell.swift; sourceTree = "<group>"; };
		3B177EC82397E8BB001E5523 /* SettingsViewController.swift */ = {isa = PBXFileReference; lastKnownFileType = sourcecode.swift; path = SettingsViewController.swift; sourceTree = "<group>"; };
		3B35F82A239942F400B51572 /* EndTripViewController.swift */ = {isa = PBXFileReference; lastKnownFileType = sourcecode.swift; path = EndTripViewController.swift; sourceTree = "<group>"; };
		3B6B79882392935B0071853C /* InviteFriendViewController.swift */ = {isa = PBXFileReference; lastKnownFileType = sourcecode.swift; path = InviteFriendViewController.swift; sourceTree = "<group>"; };
		3B6B798A239293A70071853C /* SocialLinksCollectionViewCell.swift */ = {isa = PBXFileReference; lastKnownFileType = sourcecode.swift; path = SocialLinksCollectionViewCell.swift; sourceTree = "<group>"; };
		3B72024723950F810088714B /* SearchNormalViewController.swift */ = {isa = PBXFileReference; lastKnownFileType = sourcecode.swift; path = SearchNormalViewController.swift; sourceTree = "<group>"; };
		3B72024923950FB60088714B /* SearchAdvancedViewController.swift */ = {isa = PBXFileReference; lastKnownFileType = sourcecode.swift; path = SearchAdvancedViewController.swift; sourceTree = "<group>"; };
		3B72024C2395206D0088714B /* SearchCellTableViewCell.swift */ = {isa = PBXFileReference; lastKnownFileType = sourcecode.swift; path = SearchCellTableViewCell.swift; sourceTree = "<group>"; };
		651A078D2B566B6D10F44B67 /* Pods-Trip.debug.xcconfig */ = {isa = PBXFileReference; includeInIndex = 1; lastKnownFileType = text.xcconfig; name = "Pods-Trip.debug.xcconfig"; path = "Target Support Files/Pods-Trip/Pods-Trip.debug.xcconfig"; sourceTree = "<group>"; };
		74D56256D24FE49A85310761 /* Pods-TripUITests.debug.xcconfig */ = {isa = PBXFileReference; includeInIndex = 1; lastKnownFileType = text.xcconfig; name = "Pods-TripUITests.debug.xcconfig"; path = "Target Support Files/Pods-TripUITests/Pods-TripUITests.debug.xcconfig"; sourceTree = "<group>"; };
		7B9C62475F4CD85454C33673 /* Pods-TripUITests.release.xcconfig */ = {isa = PBXFileReference; includeInIndex = 1; lastKnownFileType = text.xcconfig; name = "Pods-TripUITests.release.xcconfig"; path = "Target Support Files/Pods-TripUITests/Pods-TripUITests.release.xcconfig"; sourceTree = "<group>"; };
		81034E57238FC02A00A9AC53 /* LogInViewController.swift */ = {isa = PBXFileReference; lastKnownFileType = sourcecode.swift; path = LogInViewController.swift; sourceTree = "<group>"; };
		81034E5B238FC07200A9AC53 /* RegisterViewController.swift */ = {isa = PBXFileReference; lastKnownFileType = sourcecode.swift; path = RegisterViewController.swift; sourceTree = "<group>"; };
		81034E5E238FC2B000A9AC53 /* ForgotPasswordViewController.swift */ = {isa = PBXFileReference; lastKnownFileType = sourcecode.swift; path = ForgotPasswordViewController.swift; sourceTree = "<group>"; };
		8103B8DF2397CF1900A171A6 /* ReserveTripViewController.swift */ = {isa = PBXFileReference; lastKnownFileType = sourcecode.swift; path = ReserveTripViewController.swift; sourceTree = "<group>"; };
		8111DE9E23A0E49F006FD5F3 /* ar */ = {isa = PBXFileReference; lastKnownFileType = text.plist.strings; name = ar; path = ar.lproj/Main.strings; sourceTree = "<group>"; };
		8111DE9F23A0E49F006FD5F3 /* ar */ = {isa = PBXFileReference; lastKnownFileType = text.plist.strings; name = ar; path = ar.lproj/LaunchScreen.strings; sourceTree = "<group>"; };
		8135851D238FE52F006978CE /* Upload.swift */ = {isa = PBXFileReference; fileEncoding = 4; lastKnownFileType = sourcecode.swift; path = Upload.swift; sourceTree = "<group>"; };
		81358523238FEC7E006978CE /* NotificationsViewController.swift */ = {isa = PBXFileReference; lastKnownFileType = sourcecode.swift; path = NotificationsViewController.swift; sourceTree = "<group>"; };
		81358525238FECA1006978CE /* NotificationTableViewCell.swift */ = {isa = PBXFileReference; lastKnownFileType = sourcecode.swift; path = NotificationTableViewCell.swift; sourceTree = "<group>"; };
		8135852D2392C9FC006978CE /* TabBarViewController.swift */ = {isa = PBXFileReference; lastKnownFileType = sourcecode.swift; path = TabBarViewController.swift; sourceTree = "<group>"; };
		813E55CA239E60AD0043329A /* RequestAgree.swift */ = {isa = PBXFileReference; lastKnownFileType = sourcecode.swift; path = RequestAgree.swift; sourceTree = "<group>"; };
		813E55CE239E60F10043329A /* Request.swift */ = {isa = PBXFileReference; lastKnownFileType = sourcecode.swift; path = Request.swift; sourceTree = "<group>"; };
		814014172392DB5D00B89210 /* HomeViewController.swift */ = {isa = PBXFileReference; lastKnownFileType = sourcecode.swift; path = HomeViewController.swift; sourceTree = "<group>"; };
		814014192392DCBA00B89210 /* RecentCollectionViewCell.swift */ = {isa = PBXFileReference; lastKnownFileType = sourcecode.swift; path = RecentCollectionViewCell.swift; sourceTree = "<group>"; };
		8140141B2392DD3B00B89210 /* TopRatedCollectionViewCell.swift */ = {isa = PBXFileReference; lastKnownFileType = sourcecode.swift; path = TopRatedCollectionViewCell.swift; sourceTree = "<group>"; };
		8140141D2393026400B89210 /* ReservationDetailsViewController.swift */ = {isa = PBXFileReference; lastKnownFileType = sourcecode.swift; path = ReservationDetailsViewController.swift; sourceTree = "<group>"; };
		8140141F2393057600B89210 /* NewReservationDetailsViewController.swift */ = {isa = PBXFileReference; lastKnownFileType = sourcecode.swift; path = NewReservationDetailsViewController.swift; sourceTree = "<group>"; };
		814014232393B9B200B89210 /* ProfileViewController.swift */ = {isa = PBXFileReference; lastKnownFileType = sourcecode.swift; path = ProfileViewController.swift; sourceTree = "<group>"; };
		814014252393BABD00B89210 /* EditCarDetailsViewController.swift */ = {isa = PBXFileReference; lastKnownFileType = sourcecode.swift; path = EditCarDetailsViewController.swift; sourceTree = "<group>"; };
		814014272393EB7E00B89210 /* model.swift */ = {isa = PBXFileReference; lastKnownFileType = sourcecode.swift; path = model.swift; sourceTree = "<group>"; };
		8140142B2393FE7B00B89210 /* NotificationDetailsViewController.swift */ = {isa = PBXFileReference; lastKnownFileType = sourcecode.swift; path = NotificationDetailsViewController.swift; sourceTree = "<group>"; };
		8140142D2393FEA900B89210 /* EditeProfileViewController.swift */ = {isa = PBXFileReference; lastKnownFileType = sourcecode.swift; path = EditeProfileViewController.swift; sourceTree = "<group>"; };
		8140142F2393FF0D00B89210 /* StartPopUp.swift */ = {isa = PBXFileReference; lastKnownFileType = sourcecode.swift; path = StartPopUp.swift; sourceTree = "<group>"; };
		814014312393FF2400B89210 /* CancelPopUp.swift */ = {isa = PBXFileReference; lastKnownFileType = sourcecode.swift; path = CancelPopUp.swift; sourceTree = "<group>"; };
		814014332394009900B89210 /* AddCarViewController.swift */ = {isa = PBXFileReference; lastKnownFileType = sourcecode.swift; path = AddCarViewController.swift; sourceTree = "<group>"; };
		814014352394073800B89210 /* InviteByPhoneViewController.swift */ = {isa = PBXFileReference; lastKnownFileType = sourcecode.swift; path = InviteByPhoneViewController.swift; sourceTree = "<group>"; };
		814014372394074600B89210 /* InviteByMailViewController.swift */ = {isa = PBXFileReference; lastKnownFileType = sourcecode.swift; path = InviteByMailViewController.swift; sourceTree = "<group>"; };
		814014392394089D00B89210 /* TermsViewController.swift */ = {isa = PBXFileReference; lastKnownFileType = sourcecode.swift; path = TermsViewController.swift; sourceTree = "<group>"; };
		8140143B239408B200B89210 /* PolicyViewController.swift */ = {isa = PBXFileReference; lastKnownFileType = sourcecode.swift; path = PolicyViewController.swift; sourceTree = "<group>"; };
		8140143D2394090400B89210 /* HelpViewController.swift */ = {isa = PBXFileReference; lastKnownFileType = sourcecode.swift; path = HelpViewController.swift; sourceTree = "<group>"; };
		8140143F2394094400B89210 /* ContactUsViewController.swift */ = {isa = PBXFileReference; lastKnownFileType = sourcecode.swift; path = ContactUsViewController.swift; sourceTree = "<group>"; };
		8140144123940A5F00B89210 /* AgreementsViewController.swift */ = {isa = PBXFileReference; lastKnownFileType = sourcecode.swift; path = AgreementsViewController.swift; sourceTree = "<group>"; };
		81638037238E6F9A002B58D7 /* Constants.swift */ = {isa = PBXFileReference; fileEncoding = 4; lastKnownFileType = sourcecode.swift; path = Constants.swift; sourceTree = "<group>"; };
		81638038238E6F9A002B58D7 /* APIClient.swift */ = {isa = PBXFileReference; fileEncoding = 4; lastKnownFileType = sourcecode.swift; path = APIClient.swift; sourceTree = "<group>"; };
		81638039238E6F9A002B58D7 /* APIRouter.swift */ = {isa = PBXFileReference; fileEncoding = 4; lastKnownFileType = sourcecode.swift; path = APIRouter.swift; sourceTree = "<group>"; };
		81638063238ED568002B58D7 /* second.storyboard */ = {isa = PBXFileReference; lastKnownFileType = file.storyboard; path = second.storyboard; sourceTree = "<group>"; };
		817BDC48239BFCD70066EC18 /* GoogleService-Info.plist */ = {isa = PBXFileReference; fileEncoding = 4; lastKnownFileType = text.plist.xml; path = "GoogleService-Info.plist"; sourceTree = "<group>"; };
		81D66E2C2395483F009F8A13 /* Login.swift */ = {isa = PBXFileReference; lastKnownFileType = sourcecode.swift; path = Login.swift; sourceTree = "<group>"; };
		81D66E2F2395486D009F8A13 /* Notes.swift */ = {isa = PBXFileReference; lastKnownFileType = sourcecode.swift; path = Notes.swift; sourceTree = "<group>"; };
		81D66E3223954892009F8A13 /* Cars.swift */ = {isa = PBXFileReference; lastKnownFileType = sourcecode.swift; path = Cars.swift; sourceTree = "<group>"; };
		81D66E34239551B1009F8A13 /* MapKitViewController.swift */ = {isa = PBXFileReference; fileEncoding = 4; lastKnownFileType = sourcecode.swift; path = MapKitViewController.swift; sourceTree = "<group>"; };
		91C4BBEA25965A0590A26ECF /* Pods_Trip.framework */ = {isa = PBXFileReference; explicitFileType = wrapper.framework; includeInIndex = 0; path = Pods_Trip.framework; sourceTree = BUILT_PRODUCTS_DIR; };
		B00D0E18D77A60A26CF40F60 /* Pods_TripUITests.framework */ = {isa = PBXFileReference; explicitFileType = wrapper.framework; includeInIndex = 0; path = Pods_TripUITests.framework; sourceTree = BUILT_PRODUCTS_DIR; };
		B50631FA617AD9203FE5DF24 /* Pods-Trip.release.xcconfig */ = {isa = PBXFileReference; includeInIndex = 1; lastKnownFileType = text.xcconfig; name = "Pods-Trip.release.xcconfig"; path = "Target Support Files/Pods-Trip/Pods-Trip.release.xcconfig"; sourceTree = "<group>"; };
		C30CBAE6489DD027C5FE2332 /* Pods-TripTests.debug.xcconfig */ = {isa = PBXFileReference; includeInIndex = 1; lastKnownFileType = text.xcconfig; name = "Pods-TripTests.debug.xcconfig"; path = "Target Support Files/Pods-TripTests/Pods-TripTests.debug.xcconfig"; sourceTree = "<group>"; };
		D083101BAF4A0B7F19E2BDE5 /* Pods-TripTests.release.xcconfig */ = {isa = PBXFileReference; includeInIndex = 1; lastKnownFileType = text.xcconfig; name = "Pods-TripTests.release.xcconfig"; path = "Target Support Files/Pods-TripTests/Pods-TripTests.release.xcconfig"; sourceTree = "<group>"; };
/* End PBXFileReference section */

/* Begin PBXFrameworksBuildPhase section */
		18059DFD23801E740007CA0A /* Frameworks */ = {
			isa = PBXFrameworksBuildPhase;
			buildActionMask = 2147483647;
			files = (
				6853591C1B8BBFBEC058E730 /* Pods_Trip.framework in Frameworks */,
			);
			runOnlyForDeploymentPostprocessing = 0;
		};
		18059E1323801E760007CA0A /* Frameworks */ = {
			isa = PBXFrameworksBuildPhase;
			buildActionMask = 2147483647;
			files = (
				E11A07E6A8316476C0BB3E6B /* Pods_TripTests.framework in Frameworks */,
			);
			runOnlyForDeploymentPostprocessing = 0;
		};
		18059E1E23801E760007CA0A /* Frameworks */ = {
			isa = PBXFrameworksBuildPhase;
			buildActionMask = 2147483647;
			files = (
				7274CDF3E11DAA7FE550425A /* Pods_TripUITests.framework in Frameworks */,
			);
			runOnlyForDeploymentPostprocessing = 0;
		};
/* End PBXFrameworksBuildPhase section */

/* Begin PBXGroup section */
		18059DF723801E740007CA0A = {
			isa = PBXGroup;
			children = (
				18059E0223801E740007CA0A /* Trip */,
				18059E1923801E760007CA0A /* TripTests */,
				18059E2423801E760007CA0A /* TripUITests */,
				18059E0123801E740007CA0A /* Products */,
				6C5768CC5D8326E1553CA698 /* Pods */,
				A6C980F66F81B647A423A562 /* Frameworks */,
			);
			sourceTree = "<group>";
		};
		18059E0123801E740007CA0A /* Products */ = {
			isa = PBXGroup;
			children = (
				18059E0023801E740007CA0A /* Trip.app */,
				18059E1623801E760007CA0A /* TripTests.xctest */,
				18059E2123801E760007CA0A /* TripUITests.xctest */,
			);
			name = Products;
			sourceTree = "<group>";
		};
		18059E0223801E740007CA0A /* Trip */ = {
			isa = PBXGroup;
			children = (
				3B150FB7238E673400272A42 /* Utitlites */,
				81638036238E6F9A002B58D7 /* Networking */,
				3B150FB1238E673300272A42 /* Senarios */,
				813E55D0239E61320043329A /* SupportingFiles */,
				814014272393EB7E00B89210 /* model.swift */,
				18059E1123801E760007CA0A /* Info.plist */,
				817BDC48239BFCD70066EC18 /* GoogleService-Info.plist */,
			);
			path = Trip;
			sourceTree = "<group>";
		};
		18059E1923801E760007CA0A /* TripTests */ = {
			isa = PBXGroup;
			children = (
				18059E1A23801E760007CA0A /* TripTests.swift */,
				18059E1C23801E760007CA0A /* Info.plist */,
			);
			path = TripTests;
			sourceTree = "<group>";
		};
		18059E2423801E760007CA0A /* TripUITests */ = {
			isa = PBXGroup;
			children = (
				18059E2523801E760007CA0A /* TripUITests.swift */,
				18059E2723801E760007CA0A /* Info.plist */,
			);
			path = TripUITests;
			sourceTree = "<group>";
		};
		3B0BC9BD238FC97300CDED5A /* Reservations */ = {
			isa = PBXGroup;
			children = (
				813E55C9239E60940043329A /* Model */,
				3B0BC9BF238FC98700CDED5A /* View */,
				3B0BC9BE238FC97D00CDED5A /* Controller */,
			);
			path = Reservations;
			sourceTree = "<group>";
		};
		3B0BC9BE238FC97D00CDED5A /* Controller */ = {
			isa = PBXGroup;
			children = (
				3B0BC9C0238FC9BD00CDED5A /* ReservationViewController.swift */,
				8140141F2393057600B89210 /* NewReservationDetailsViewController.swift */,
				8140141D2393026400B89210 /* ReservationDetailsViewController.swift */,
				8140142F2393FF0D00B89210 /* StartPopUp.swift */,
				814014312393FF2400B89210 /* CancelPopUp.swift */,
				8103B8DF2397CF1900A171A6 /* ReserveTripViewController.swift */,
				3B35F82A239942F400B51572 /* EndTripViewController.swift */,
			);
			path = Controller;
			sourceTree = "<group>";
		};
		3B0BC9BF238FC98700CDED5A /* View */ = {
			isa = PBXGroup;
			children = (
				3B0BC9C2238FCAFC00CDED5A /* PreviousReservationTableViewCell.swift */,
				3B0BC9C3238FCAFC00CDED5A /* PreviousReservationTableViewCell.xib */,
				3B0BC9C6238FCB2900CDED5A /* CurrentReservationTableViewCell.swift */,
				3B0BC9C7238FCB2900CDED5A /* CurrentReservationTableViewCell.xib */,
			);
			path = View;
			sourceTree = "<group>";
		};
		3B1414EB239420EF003DD08C /* Search */ = {
			isa = PBXGroup;
			children = (
				3B72024B239520440088714B /* View */,
				3B1414EC239420FB003DD08C /* Controller */,
			);
			path = Search;
			sourceTree = "<group>";
		};
		3B1414EC239420FB003DD08C /* Controller */ = {
			isa = PBXGroup;
			children = (
				3B1414ED2394211A003DD08C /* SearchViewController.swift */,
				3B72024723950F810088714B /* SearchNormalViewController.swift */,
				3B72024923950FB60088714B /* SearchAdvancedViewController.swift */,
			);
			path = Controller;
			sourceTree = "<group>";
		};
		3B150FB1238E673300272A42 /* Senarios */ = {
			isa = PBXGroup;
			children = (
				81034E59238FC02E00A9AC53 /* rigester */,
				3B1414EB239420EF003DD08C /* Search */,
				814014212393B99300B89210 /* Profile */,
				81034E56238FBFF500A9AC53 /* Log In */,
				8135852B2392C9CF006978CE /* TabBar */,
				3B6B7984239292D80071853C /* Home */,
				81358520238FEC39006978CE /* Notifications */,
				3B0BC9BD238FC97300CDED5A /* Reservations */,
				3B150FB2238E673300272A42 /* Menu */,
			);
			path = Senarios;
			sourceTree = "<group>";
		};
		3B150FB2238E673300272A42 /* Menu */ = {
			isa = PBXGroup;
			children = (
				3B150FB3238E673300272A42 /* Controller */,
				3B150FB5238E673300272A42 /* View */,
			);
			path = Menu;
			sourceTree = "<group>";
		};
		3B150FB3238E673300272A42 /* Controller */ = {
			isa = PBXGroup;
			children = (
				3B150FB4238E673300272A42 /* MenuViewController.swift */,
				814014392394089D00B89210 /* TermsViewController.swift */,
				8140144123940A5F00B89210 /* AgreementsViewController.swift */,
				8140143B239408B200B89210 /* PolicyViewController.swift */,
				8140143D2394090400B89210 /* HelpViewController.swift */,
				8140143F2394094400B89210 /* ContactUsViewController.swift */,
				3B177EC82397E8BB001E5523 /* SettingsViewController.swift */,
				3B177EC32397BB48001E5523 /* RequestsViewController.swift */,
			);
			path = Controller;
			sourceTree = "<group>";
		};
		3B150FB5238E673300272A42 /* View */ = {
			isa = PBXGroup;
			children = (
				3B150FB6238E673300272A42 /* MenuTableViewCell.swift */,
				3B177EC62397BB86001E5523 /* RequestCellTableViewCell.swift */,
			);
			path = View;
			sourceTree = "<group>";
		};
		3B150FB7238E673400272A42 /* Utitlites */ = {
			isa = PBXGroup;
			children = (
				8135851D238FE52F006978CE /* Upload.swift */,
				3B150FB8238E673400272A42 /* Alert.swift */,
				3B150FB9238E673400272A42 /* CardView.swift */,
				3B150FBA238E673400272A42 /* DesignableUITextField.swift */,
				3B150FBB238E673400272A42 /* Maps.swift */,
				3B0BA494239E47600043D9FE /* Colortext.swift */,
			);
			path = Utitlites;
			sourceTree = "<group>";
		};
		3B6B7984239292D80071853C /* Home */ = {
			isa = PBXGroup;
			children = (
				81D66E3123954889009F8A13 /* Model */,
				3B6B7987239292FA0071853C /* Controller */,
				3B6B7986239292EC0071853C /* View */,
			);
			path = Home;
			sourceTree = "<group>";
		};
		3B6B7986239292EC0071853C /* View */ = {
			isa = PBXGroup;
			children = (
				3B6B798A239293A70071853C /* SocialLinksCollectionViewCell.swift */,
				814014192392DCBA00B89210 /* RecentCollectionViewCell.swift */,
				8140141B2392DD3B00B89210 /* TopRatedCollectionViewCell.swift */,
			);
			path = View;
			sourceTree = "<group>";
		};
		3B6B7987239292FA0071853C /* Controller */ = {
			isa = PBXGroup;
			children = (
				3B6B79882392935B0071853C /* InviteFriendViewController.swift */,
				814014352394073800B89210 /* InviteByPhoneViewController.swift */,
				814014372394074600B89210 /* InviteByMailViewController.swift */,
				814014172392DB5D00B89210 /* HomeViewController.swift */,
				3B1414E32393C0E7003DD08C /* CarDetailsViewController.swift */,
				814014332394009900B89210 /* AddCarViewController.swift */,
				81D66E34239551B1009F8A13 /* MapKitViewController.swift */,
			);
			path = Controller;
			sourceTree = "<group>";
		};
		3B72024B239520440088714B /* View */ = {
			isa = PBXGroup;
			children = (
				3B72024C2395206D0088714B /* SearchCellTableViewCell.swift */,
			);
			path = View;
			sourceTree = "<group>";
		};
		6C5768CC5D8326E1553CA698 /* Pods */ = {
			isa = PBXGroup;
			children = (
				651A078D2B566B6D10F44B67 /* Pods-Trip.debug.xcconfig */,
				B50631FA617AD9203FE5DF24 /* Pods-Trip.release.xcconfig */,
				C30CBAE6489DD027C5FE2332 /* Pods-TripTests.debug.xcconfig */,
				D083101BAF4A0B7F19E2BDE5 /* Pods-TripTests.release.xcconfig */,
				74D56256D24FE49A85310761 /* Pods-TripUITests.debug.xcconfig */,
				7B9C62475F4CD85454C33673 /* Pods-TripUITests.release.xcconfig */,
			);
			path = Pods;
			sourceTree = "<group>";
		};
		81034E56238FBFF500A9AC53 /* Log In */ = {
			isa = PBXGroup;
			children = (
				81D66E2B2395480E009F8A13 /* Model */,
				81034E5D238FC12700A9AC53 /* Controller */,
			);
			path = "Log In";
			sourceTree = "<group>";
		};
		81034E59238FC02E00A9AC53 /* rigester */ = {
			isa = PBXGroup;
			children = (
				81034E5A238FC04D00A9AC53 /* Controller */,
			);
			path = rigester;
			sourceTree = "<group>";
		};
		81034E5A238FC04D00A9AC53 /* Controller */ = {
			isa = PBXGroup;
			children = (
				81034E5B238FC07200A9AC53 /* RegisterViewController.swift */,
			);
			path = Controller;
			sourceTree = "<group>";
		};
		81034E5D238FC12700A9AC53 /* Controller */ = {
			isa = PBXGroup;
			children = (
				81034E57238FC02A00A9AC53 /* LogInViewController.swift */,
				81034E5E238FC2B000A9AC53 /* ForgotPasswordViewController.swift */,
			);
			path = Controller;
			sourceTree = "<group>";
		};
		81358520238FEC39006978CE /* Notifications */ = {
			isa = PBXGroup;
			children = (
				81D66E2E2395485D009F8A13 /* Model */,
				81358522238FEC54006978CE /* View */,
				81358521238FEC4A006978CE /* Controller */,
			);
			path = Notifications;
			sourceTree = "<group>";
		};
		81358521238FEC4A006978CE /* Controller */ = {
			isa = PBXGroup;
			children = (
				81358523238FEC7E006978CE /* NotificationsViewController.swift */,
				8140142B2393FE7B00B89210 /* NotificationDetailsViewController.swift */,
			);
			path = Controller;
			sourceTree = "<group>";
		};
		81358522238FEC54006978CE /* View */ = {
			isa = PBXGroup;
			children = (
				81358525238FECA1006978CE /* NotificationTableViewCell.swift */,
			);
			path = View;
			sourceTree = "<group>";
		};
		8135852B2392C9CF006978CE /* TabBar */ = {
			isa = PBXGroup;
			children = (
				8135852C2392C9E1006978CE /* Controller */,
			);
			path = TabBar;
			sourceTree = "<group>";
		};
		8135852C2392C9E1006978CE /* Controller */ = {
			isa = PBXGroup;
			children = (
				8135852D2392C9FC006978CE /* TabBarViewController.swift */,
			);
			path = Controller;
			sourceTree = "<group>";
		};
		813E55C9239E60940043329A /* Model */ = {
			isa = PBXGroup;
			children = (
				813E55CA239E60AD0043329A /* RequestAgree.swift */,
				813E55CE239E60F10043329A /* Request.swift */,
			);
			path = Model;
			sourceTree = "<group>";
		};
		813E55D0239E61320043329A /* SupportingFiles */ = {
			isa = PBXGroup;
			children = (
				3B14AB73238D22360065EB8C /* AppDelegate.swift */,
				18059E0923801E740007CA0A /* Main.storyboard */,
				81638063238ED568002B58D7 /* second.storyboard */,
				18059E0C23801E760007CA0A /* Assets.xcassets */,
				18059E0E23801E760007CA0A /* LaunchScreen.storyboard */,
			);
			path = SupportingFiles;
			sourceTree = "<group>";
		};
		814014212393B99300B89210 /* Profile */ = {
			isa = PBXGroup;
			children = (
				814014222393B9A100B89210 /* Controller */,
			);
			path = Profile;
			sourceTree = "<group>";
		};
		814014222393B9A100B89210 /* Controller */ = {
			isa = PBXGroup;
			children = (
				814014232393B9B200B89210 /* ProfileViewController.swift */,
				814014252393BABD00B89210 /* EditCarDetailsViewController.swift */,
				8140142D2393FEA900B89210 /* EditeProfileViewController.swift */,
			);
			path = Controller;
			sourceTree = "<group>";
		};
		81638036238E6F9A002B58D7 /* Networking */ = {
			isa = PBXGroup;
			children = (
				81638038238E6F9A002B58D7 /* APIClient.swift */,
				81638039238E6F9A002B58D7 /* APIRouter.swift */,
				81638037238E6F9A002B58D7 /* Constants.swift */,
			);
			path = Networking;
			sourceTree = "<group>";
		};
		81D66E2B2395480E009F8A13 /* Model */ = {
			isa = PBXGroup;
			children = (
				81D66E2C2395483F009F8A13 /* Login.swift */,
			);
			path = Model;
			sourceTree = "<group>";
		};
		81D66E2E2395485D009F8A13 /* Model */ = {
			isa = PBXGroup;
			children = (
				81D66E2F2395486D009F8A13 /* Notes.swift */,
			);
			path = Model;
			sourceTree = "<group>";
		};
		81D66E3123954889009F8A13 /* Model */ = {
			isa = PBXGroup;
			children = (
				81D66E3223954892009F8A13 /* Cars.swift */,
			);
			path = Model;
			sourceTree = "<group>";
		};
		A6C980F66F81B647A423A562 /* Frameworks */ = {
			isa = PBXGroup;
			children = (
				91C4BBEA25965A0590A26ECF /* Pods_Trip.framework */,
				3116ADE0C4FA0B95350277D2 /* Pods_TripTests.framework */,
				B00D0E18D77A60A26CF40F60 /* Pods_TripUITests.framework */,
			);
			name = Frameworks;
			sourceTree = "<group>";
		};
/* End PBXGroup section */

/* Begin PBXNativeTarget section */
		18059DFF23801E740007CA0A /* Trip */ = {
			isa = PBXNativeTarget;
			buildConfigurationList = 18059E2A23801E760007CA0A /* Build configuration list for PBXNativeTarget "Trip" */;
			buildPhases = (
				E2FEEA29039FF864577B0871 /* [CP] Check Pods Manifest.lock */,
				18059DFC23801E740007CA0A /* Sources */,
				18059DFD23801E740007CA0A /* Frameworks */,
				18059DFE23801E740007CA0A /* Resources */,
				45EE964D21E2157BD14026F6 /* [CP] Embed Pods Frameworks */,
			);
			buildRules = (
			);
			dependencies = (
			);
			name = Trip;
			productName = Trip;
			productReference = 18059E0023801E740007CA0A /* Trip.app */;
			productType = "com.apple.product-type.application";
		};
		18059E1523801E760007CA0A /* TripTests */ = {
			isa = PBXNativeTarget;
			buildConfigurationList = 18059E2D23801E760007CA0A /* Build configuration list for PBXNativeTarget "TripTests" */;
			buildPhases = (
				73DE759426B90C1B9C0427E0 /* [CP] Check Pods Manifest.lock */,
				18059E1223801E760007CA0A /* Sources */,
				18059E1323801E760007CA0A /* Frameworks */,
				18059E1423801E760007CA0A /* Resources */,
			);
			buildRules = (
			);
			dependencies = (
				18059E1823801E760007CA0A /* PBXTargetDependency */,
			);
			name = TripTests;
			productName = TripTests;
			productReference = 18059E1623801E760007CA0A /* TripTests.xctest */;
			productType = "com.apple.product-type.bundle.unit-test";
		};
		18059E2023801E760007CA0A /* TripUITests */ = {
			isa = PBXNativeTarget;
			buildConfigurationList = 18059E3023801E760007CA0A /* Build configuration list for PBXNativeTarget "TripUITests" */;
			buildPhases = (
				D5612EAD995BAF4DC02D45A4 /* [CP] Check Pods Manifest.lock */,
				18059E1D23801E760007CA0A /* Sources */,
				18059E1E23801E760007CA0A /* Frameworks */,
				18059E1F23801E760007CA0A /* Resources */,
			);
			buildRules = (
			);
			dependencies = (
				18059E2323801E760007CA0A /* PBXTargetDependency */,
			);
			name = TripUITests;
			productName = TripUITests;
			productReference = 18059E2123801E760007CA0A /* TripUITests.xctest */;
			productType = "com.apple.product-type.bundle.ui-testing";
		};
/* End PBXNativeTarget section */

/* Begin PBXProject section */
		18059DF823801E740007CA0A /* Project object */ = {
			isa = PBXProject;
			attributes = {
				LastSwiftUpdateCheck = 1120;
				LastUpgradeCheck = 1120;
				ORGANIZATIONNAME = amirahmed;
				TargetAttributes = {
					18059DFF23801E740007CA0A = {
						CreatedOnToolsVersion = 11.2.1;
					};
					18059E1523801E760007CA0A = {
						CreatedOnToolsVersion = 11.2.1;
						TestTargetID = 18059DFF23801E740007CA0A;
					};
					18059E2023801E760007CA0A = {
						CreatedOnToolsVersion = 11.2.1;
						TestTargetID = 18059DFF23801E740007CA0A;
					};
				};
			};
			buildConfigurationList = 18059DFB23801E740007CA0A /* Build configuration list for PBXProject "Trip" */;
			compatibilityVersion = "Xcode 9.3";
			developmentRegion = en;
			hasScannedForEncodings = 0;
			knownRegions = (
				en,
				Base,
				ar,
			);
			mainGroup = 18059DF723801E740007CA0A;
			productRefGroup = 18059E0123801E740007CA0A /* Products */;
			projectDirPath = "";
			projectRoot = "";
			targets = (
				18059DFF23801E740007CA0A /* Trip */,
				18059E1523801E760007CA0A /* TripTests */,
				18059E2023801E760007CA0A /* TripUITests */,
			);
		};
/* End PBXProject section */

/* Begin PBXResourcesBuildPhase section */
		18059DFE23801E740007CA0A /* Resources */ = {
			isa = PBXResourcesBuildPhase;
			buildActionMask = 2147483647;
			files = (
				81638064238ED568002B58D7 /* second.storyboard in Resources */,
				18059E1023801E760007CA0A /* LaunchScreen.storyboard in Resources */,
				18059E0D23801E760007CA0A /* Assets.xcassets in Resources */,
				3B0BC9C5238FCAFC00CDED5A /* PreviousReservationTableViewCell.xib in Resources */,
				3B0BC9C9238FCB2900CDED5A /* CurrentReservationTableViewCell.xib in Resources */,
				18059E0B23801E740007CA0A /* Main.storyboard in Resources */,
				817BDC49239BFCD70066EC18 /* GoogleService-Info.plist in Resources */,
			);
			runOnlyForDeploymentPostprocessing = 0;
		};
		18059E1423801E760007CA0A /* Resources */ = {
			isa = PBXResourcesBuildPhase;
			buildActionMask = 2147483647;
			files = (
			);
			runOnlyForDeploymentPostprocessing = 0;
		};
		18059E1F23801E760007CA0A /* Resources */ = {
			isa = PBXResourcesBuildPhase;
			buildActionMask = 2147483647;
			files = (
			);
			runOnlyForDeploymentPostprocessing = 0;
		};
/* End PBXResourcesBuildPhase section */

/* Begin PBXShellScriptBuildPhase section */
		45EE964D21E2157BD14026F6 /* [CP] Embed Pods Frameworks */ = {
			isa = PBXShellScriptBuildPhase;
			buildActionMask = 2147483647;
			files = (
			);
			inputFileListPaths = (
				"${PODS_ROOT}/Target Support Files/Pods-Trip/Pods-Trip-frameworks-${CONFIGURATION}-input-files.xcfilelist",
			);
			name = "[CP] Embed Pods Frameworks";
			outputFileListPaths = (
				"${PODS_ROOT}/Target Support Files/Pods-Trip/Pods-Trip-frameworks-${CONFIGURATION}-output-files.xcfilelist",
			);
			runOnlyForDeploymentPostprocessing = 0;
			shellPath = /bin/sh;
			shellScript = "\"${PODS_ROOT}/Target Support Files/Pods-Trip/Pods-Trip-frameworks.sh\"\n";
			showEnvVarsInLog = 0;
		};
		73DE759426B90C1B9C0427E0 /* [CP] Check Pods Manifest.lock */ = {
			isa = PBXShellScriptBuildPhase;
			buildActionMask = 2147483647;
			files = (
			);
			inputFileListPaths = (
			);
			inputPaths = (
				"${PODS_PODFILE_DIR_PATH}/Podfile.lock",
				"${PODS_ROOT}/Manifest.lock",
			);
			name = "[CP] Check Pods Manifest.lock";
			outputFileListPaths = (
			);
			outputPaths = (
				"$(DERIVED_FILE_DIR)/Pods-TripTests-checkManifestLockResult.txt",
			);
			runOnlyForDeploymentPostprocessing = 0;
			shellPath = /bin/sh;
			shellScript = "diff \"${PODS_PODFILE_DIR_PATH}/Podfile.lock\" \"${PODS_ROOT}/Manifest.lock\" > /dev/null\nif [ $? != 0 ] ; then\n    # print error to STDERR\n    echo \"error: The sandbox is not in sync with the Podfile.lock. Run 'pod install' or update your CocoaPods installation.\" >&2\n    exit 1\nfi\n# This output is used by Xcode 'outputs' to avoid re-running this script phase.\necho \"SUCCESS\" > \"${SCRIPT_OUTPUT_FILE_0}\"\n";
			showEnvVarsInLog = 0;
		};
		D5612EAD995BAF4DC02D45A4 /* [CP] Check Pods Manifest.lock */ = {
			isa = PBXShellScriptBuildPhase;
			buildActionMask = 2147483647;
			files = (
			);
			inputFileListPaths = (
			);
			inputPaths = (
				"${PODS_PODFILE_DIR_PATH}/Podfile.lock",
				"${PODS_ROOT}/Manifest.lock",
			);
			name = "[CP] Check Pods Manifest.lock";
			outputFileListPaths = (
			);
			outputPaths = (
				"$(DERIVED_FILE_DIR)/Pods-TripUITests-checkManifestLockResult.txt",
			);
			runOnlyForDeploymentPostprocessing = 0;
			shellPath = /bin/sh;
			shellScript = "diff \"${PODS_PODFILE_DIR_PATH}/Podfile.lock\" \"${PODS_ROOT}/Manifest.lock\" > /dev/null\nif [ $? != 0 ] ; then\n    # print error to STDERR\n    echo \"error: The sandbox is not in sync with the Podfile.lock. Run 'pod install' or update your CocoaPods installation.\" >&2\n    exit 1\nfi\n# This output is used by Xcode 'outputs' to avoid re-running this script phase.\necho \"SUCCESS\" > \"${SCRIPT_OUTPUT_FILE_0}\"\n";
			showEnvVarsInLog = 0;
		};
		E2FEEA29039FF864577B0871 /* [CP] Check Pods Manifest.lock */ = {
			isa = PBXShellScriptBuildPhase;
			buildActionMask = 2147483647;
			files = (
			);
			inputFileListPaths = (
			);
			inputPaths = (
				"${PODS_PODFILE_DIR_PATH}/Podfile.lock",
				"${PODS_ROOT}/Manifest.lock",
			);
			name = "[CP] Check Pods Manifest.lock";
			outputFileListPaths = (
			);
			outputPaths = (
				"$(DERIVED_FILE_DIR)/Pods-Trip-checkManifestLockResult.txt",
			);
			runOnlyForDeploymentPostprocessing = 0;
			shellPath = /bin/sh;
			shellScript = "diff \"${PODS_PODFILE_DIR_PATH}/Podfile.lock\" \"${PODS_ROOT}/Manifest.lock\" > /dev/null\nif [ $? != 0 ] ; then\n    # print error to STDERR\n    echo \"error: The sandbox is not in sync with the Podfile.lock. Run 'pod install' or update your CocoaPods installation.\" >&2\n    exit 1\nfi\n# This output is used by Xcode 'outputs' to avoid re-running this script phase.\necho \"SUCCESS\" > \"${SCRIPT_OUTPUT_FILE_0}\"\n";
			showEnvVarsInLog = 0;
		};
/* End PBXShellScriptBuildPhase section */

/* Begin PBXSourcesBuildPhase section */
		18059DFC23801E740007CA0A /* Sources */ = {
			isa = PBXSourcesBuildPhase;
			buildActionMask = 2147483647;
			files = (
				81034E5F238FC2B000A9AC53 /* ForgotPasswordViewController.swift in Sources */,
				3B1414E42393C0E7003DD08C /* CarDetailsViewController.swift in Sources */,
				8140143C239408B200B89210 /* PolicyViewController.swift in Sources */,
				8140144223940A5F00B89210 /* AgreementsViewController.swift in Sources */,
				8140141A2392DCBA00B89210 /* RecentCollectionViewCell.swift in Sources */,
				8140142C2393FE7B00B89210 /* NotificationDetailsViewController.swift in Sources */,
				3B14AB74238D22360065EB8C /* AppDelegate.swift in Sources */,
				3B72024A23950FB60088714B /* SearchAdvancedViewController.swift in Sources */,
				3B150FBC238E673400272A42 /* MenuViewController.swift in Sources */,
				814014382394074700B89210 /* InviteByMailViewController.swift in Sources */,
				814014282393EB7E00B89210 /* model.swift in Sources */,
				814014202393057600B89210 /* NewReservationDetailsViewController.swift in Sources */,
				3B72024D2395206D0088714B /* SearchCellTableViewCell.swift in Sources */,
				814014242393B9B200B89210 /* ProfileViewController.swift in Sources */,
				81D66E35239551B1009F8A13 /* MapKitViewController.swift in Sources */,
				8135852E2392C9FC006978CE /* TabBarViewController.swift in Sources */,
				3B150FBD238E673400272A42 /* MenuTableViewCell.swift in Sources */,
				81D66E302395486D009F8A13 /* Notes.swift in Sources */,
				8163803B238E6F9A002B58D7 /* APIClient.swift in Sources */,
				81D66E3323954892009F8A13 /* Cars.swift in Sources */,
				3B177EC72397BB86001E5523 /* RequestCellTableViewCell.swift in Sources */,
				3B150FBE238E673400272A42 /* Alert.swift in Sources */,
				3B177EC92397E8BB001E5523 /* SettingsViewController.swift in Sources */,
				814014322393FF2400B89210 /* CancelPopUp.swift in Sources */,
				3B0BC9C4238FCAFC00CDED5A /* PreviousReservationTableViewCell.swift in Sources */,
				81358526238FECA1006978CE /* NotificationTableViewCell.swift in Sources */,
				81034E5C238FC07200A9AC53 /* RegisterViewController.swift in Sources */,
				3B150FC0238E673400272A42 /* DesignableUITextField.swift in Sources */,
				3B72024823950F810088714B /* SearchNormalViewController.swift in Sources */,
				8103B8E02397CF1900A171A6 /* ReserveTripViewController.swift in Sources */,
				8140143E2394090400B89210 /* HelpViewController.swift in Sources */,
				81D66E2D2395483F009F8A13 /* Login.swift in Sources */,
				3B150FBF238E673400272A42 /* CardView.swift in Sources */,
				8163803C238E6F9A002B58D7 /* APIRouter.swift in Sources */,
				8140143A2394089D00B89210 /* TermsViewController.swift in Sources */,
				3B6B798B239293A70071853C /* SocialLinksCollectionViewCell.swift in Sources */,
				81358524238FEC7E006978CE /* NotificationsViewController.swift in Sources */,
				813E55CF239E60F10043329A /* Request.swift in Sources */,
				3B177EC42397BB48001E5523 /* RequestsViewController.swift in Sources */,
				3B6B79892392935B0071853C /* InviteFriendViewController.swift in Sources */,
				3B35F82B239942F400B51572 /* EndTripViewController.swift in Sources */,
				814014342394009900B89210 /* AddCarViewController.swift in Sources */,
				3B0BA495239E47600043D9FE /* Colortext.swift in Sources */,
				8140141C2392DD3B00B89210 /* TopRatedCollectionViewCell.swift in Sources */,
				814014302393FF0D00B89210 /* StartPopUp.swift in Sources */,
				8140142E2393FEA900B89210 /* EditeProfileViewController.swift in Sources */,
				814014402394094400B89210 /* ContactUsViewController.swift in Sources */,
				8135851E238FE52F006978CE /* Upload.swift in Sources */,
				814014182392DB5D00B89210 /* HomeViewController.swift in Sources */,
				81034E58238FC02A00A9AC53 /* LogInViewController.swift in Sources */,
				3B150FC1238E673400272A42 /* Maps.swift in Sources */,
				3B1414EE2394211A003DD08C /* SearchViewController.swift in Sources */,
				8163803A238E6F9A002B58D7 /* Constants.swift in Sources */,
				814014262393BABD00B89210 /* EditCarDetailsViewController.swift in Sources */,
				8140141E2393026400B89210 /* ReservationDetailsViewController.swift in Sources */,
				814014362394073800B89210 /* InviteByPhoneViewController.swift in Sources */,
				3B0BC9C1238FC9BD00CDED5A /* ReservationViewController.swift in Sources */,
				813E55CB239E60AD0043329A /* RequestAgree.swift in Sources */,
				3B0BC9C8238FCB2900CDED5A /* CurrentReservationTableViewCell.swift in Sources */,
			);
			runOnlyForDeploymentPostprocessing = 0;
		};
		18059E1223801E760007CA0A /* Sources */ = {
			isa = PBXSourcesBuildPhase;
			buildActionMask = 2147483647;
			files = (
				18059E1B23801E760007CA0A /* TripTests.swift in Sources */,
			);
			runOnlyForDeploymentPostprocessing = 0;
		};
		18059E1D23801E760007CA0A /* Sources */ = {
			isa = PBXSourcesBuildPhase;
			buildActionMask = 2147483647;
			files = (
				18059E2623801E760007CA0A /* TripUITests.swift in Sources */,
			);
			runOnlyForDeploymentPostprocessing = 0;
		};
/* End PBXSourcesBuildPhase section */

/* Begin PBXTargetDependency section */
		18059E1823801E760007CA0A /* PBXTargetDependency */ = {
			isa = PBXTargetDependency;
			target = 18059DFF23801E740007CA0A /* Trip */;
			targetProxy = 18059E1723801E760007CA0A /* PBXContainerItemProxy */;
		};
		18059E2323801E760007CA0A /* PBXTargetDependency */ = {
			isa = PBXTargetDependency;
			target = 18059DFF23801E740007CA0A /* Trip */;
			targetProxy = 18059E2223801E760007CA0A /* PBXContainerItemProxy */;
		};
/* End PBXTargetDependency section */

/* Begin PBXVariantGroup section */
		18059E0923801E740007CA0A /* Main.storyboard */ = {
			isa = PBXVariantGroup;
			children = (
				18059E0A23801E740007CA0A /* Base */,
				8111DE9E23A0E49F006FD5F3 /* ar */,
			);
			name = Main.storyboard;
			sourceTree = "<group>";
		};
		18059E0E23801E760007CA0A /* LaunchScreen.storyboard */ = {
			isa = PBXVariantGroup;
			children = (
				18059E0F23801E760007CA0A /* Base */,
				8111DE9F23A0E49F006FD5F3 /* ar */,
			);
			name = LaunchScreen.storyboard;
			sourceTree = "<group>";
		};
/* End PBXVariantGroup section */

/* Begin XCBuildConfiguration section */
		18059E2823801E760007CA0A /* Debug */ = {
			isa = XCBuildConfiguration;
			buildSettings = {
				ALWAYS_SEARCH_USER_PATHS = NO;
				CLANG_ANALYZER_LOCALIZABILITY_NONLOCALIZED = YES;
				CLANG_ANALYZER_NONNULL = YES;
				CLANG_ANALYZER_NUMBER_OBJECT_CONVERSION = YES_AGGRESSIVE;
				CLANG_CXX_LANGUAGE_STANDARD = "gnu++14";
				CLANG_CXX_LIBRARY = "libc++";
				CLANG_ENABLE_MODULES = YES;
				CLANG_ENABLE_OBJC_ARC = YES;
				CLANG_ENABLE_OBJC_WEAK = YES;
				CLANG_WARN_BLOCK_CAPTURE_AUTORELEASING = YES;
				CLANG_WARN_BOOL_CONVERSION = YES;
				CLANG_WARN_COMMA = YES;
				CLANG_WARN_CONSTANT_CONVERSION = YES;
				CLANG_WARN_DEPRECATED_OBJC_IMPLEMENTATIONS = YES;
				CLANG_WARN_DIRECT_OBJC_ISA_USAGE = YES_ERROR;
				CLANG_WARN_DOCUMENTATION_COMMENTS = YES;
				CLANG_WARN_EMPTY_BODY = YES;
				CLANG_WARN_ENUM_CONVERSION = YES;
				CLANG_WARN_INFINITE_RECURSION = YES;
				CLANG_WARN_INT_CONVERSION = YES;
				CLANG_WARN_NON_LITERAL_NULL_CONVERSION = YES;
				CLANG_WARN_OBJC_IMPLICIT_RETAIN_SELF = YES;
				CLANG_WARN_OBJC_LITERAL_CONVERSION = YES;
				CLANG_WARN_OBJC_ROOT_CLASS = YES_ERROR;
				CLANG_WARN_RANGE_LOOP_ANALYSIS = YES;
				CLANG_WARN_STRICT_PROTOTYPES = YES;
				CLANG_WARN_SUSPICIOUS_MOVE = YES;
				CLANG_WARN_UNGUARDED_AVAILABILITY = YES_AGGRESSIVE;
				CLANG_WARN_UNREACHABLE_CODE = YES;
				CLANG_WARN__DUPLICATE_METHOD_MATCH = YES;
				COPY_PHASE_STRIP = NO;
				DEBUG_INFORMATION_FORMAT = dwarf;
				ENABLE_STRICT_OBJC_MSGSEND = YES;
				ENABLE_TESTABILITY = YES;
				GCC_C_LANGUAGE_STANDARD = gnu11;
				GCC_DYNAMIC_NO_PIC = NO;
				GCC_NO_COMMON_BLOCKS = YES;
				GCC_OPTIMIZATION_LEVEL = 0;
				GCC_PREPROCESSOR_DEFINITIONS = (
					"DEBUG=1",
					"$(inherited)",
				);
				GCC_WARN_64_TO_32_BIT_CONVERSION = YES;
				GCC_WARN_ABOUT_RETURN_TYPE = YES_ERROR;
				GCC_WARN_UNDECLARED_SELECTOR = YES;
				GCC_WARN_UNINITIALIZED_AUTOS = YES_AGGRESSIVE;
				GCC_WARN_UNUSED_FUNCTION = YES;
				GCC_WARN_UNUSED_VARIABLE = YES;
				IPHONEOS_DEPLOYMENT_TARGET = 13.2;
				MTL_ENABLE_DEBUG_INFO = INCLUDE_SOURCE;
				MTL_FAST_MATH = YES;
				ONLY_ACTIVE_ARCH = YES;
				SDKROOT = iphoneos;
				SWIFT_ACTIVE_COMPILATION_CONDITIONS = DEBUG;
				SWIFT_OPTIMIZATION_LEVEL = "-Onone";
			};
			name = Debug;
		};
		18059E2923801E760007CA0A /* Release */ = {
			isa = XCBuildConfiguration;
			buildSettings = {
				ALWAYS_SEARCH_USER_PATHS = NO;
				CLANG_ANALYZER_LOCALIZABILITY_NONLOCALIZED = YES;
				CLANG_ANALYZER_NONNULL = YES;
				CLANG_ANALYZER_NUMBER_OBJECT_CONVERSION = YES_AGGRESSIVE;
				CLANG_CXX_LANGUAGE_STANDARD = "gnu++14";
				CLANG_CXX_LIBRARY = "libc++";
				CLANG_ENABLE_MODULES = YES;
				CLANG_ENABLE_OBJC_ARC = YES;
				CLANG_ENABLE_OBJC_WEAK = YES;
				CLANG_WARN_BLOCK_CAPTURE_AUTORELEASING = YES;
				CLANG_WARN_BOOL_CONVERSION = YES;
				CLANG_WARN_COMMA = YES;
				CLANG_WARN_CONSTANT_CONVERSION = YES;
				CLANG_WARN_DEPRECATED_OBJC_IMPLEMENTATIONS = YES;
				CLANG_WARN_DIRECT_OBJC_ISA_USAGE = YES_ERROR;
				CLANG_WARN_DOCUMENTATION_COMMENTS = YES;
				CLANG_WARN_EMPTY_BODY = YES;
				CLANG_WARN_ENUM_CONVERSION = YES;
				CLANG_WARN_INFINITE_RECURSION = YES;
				CLANG_WARN_INT_CONVERSION = YES;
				CLANG_WARN_NON_LITERAL_NULL_CONVERSION = YES;
				CLANG_WARN_OBJC_IMPLICIT_RETAIN_SELF = YES;
				CLANG_WARN_OBJC_LITERAL_CONVERSION = YES;
				CLANG_WARN_OBJC_ROOT_CLASS = YES_ERROR;
				CLANG_WARN_RANGE_LOOP_ANALYSIS = YES;
				CLANG_WARN_STRICT_PROTOTYPES = YES;
				CLANG_WARN_SUSPICIOUS_MOVE = YES;
				CLANG_WARN_UNGUARDED_AVAILABILITY = YES_AGGRESSIVE;
				CLANG_WARN_UNREACHABLE_CODE = YES;
				CLANG_WARN__DUPLICATE_METHOD_MATCH = YES;
				COPY_PHASE_STRIP = NO;
				DEBUG_INFORMATION_FORMAT = "dwarf-with-dsym";
				ENABLE_NS_ASSERTIONS = NO;
				ENABLE_STRICT_OBJC_MSGSEND = YES;
				GCC_C_LANGUAGE_STANDARD = gnu11;
				GCC_NO_COMMON_BLOCKS = YES;
				GCC_WARN_64_TO_32_BIT_CONVERSION = YES;
				GCC_WARN_ABOUT_RETURN_TYPE = YES_ERROR;
				GCC_WARN_UNDECLARED_SELECTOR = YES;
				GCC_WARN_UNINITIALIZED_AUTOS = YES_AGGRESSIVE;
				GCC_WARN_UNUSED_FUNCTION = YES;
				GCC_WARN_UNUSED_VARIABLE = YES;
				IPHONEOS_DEPLOYMENT_TARGET = 13.2;
				MTL_ENABLE_DEBUG_INFO = NO;
				MTL_FAST_MATH = YES;
				SDKROOT = iphoneos;
				SWIFT_COMPILATION_MODE = wholemodule;
				SWIFT_OPTIMIZATION_LEVEL = "-O";
				VALIDATE_PRODUCT = YES;
			};
			name = Release;
		};
		18059E2B23801E760007CA0A /* Debug */ = {
			isa = XCBuildConfiguration;
			baseConfigurationReference = 651A078D2B566B6D10F44B67 /* Pods-Trip.debug.xcconfig */;
			buildSettings = {
				ASSETCATALOG_COMPILER_APPICON_NAME = AppIcon;
				CODE_SIGN_STYLE = Automatic;
				DEVELOPMENT_TEAM = RHMG8N8S73;
				INFOPLIST_FILE = Trip/Info.plist;
				IPHONEOS_DEPLOYMENT_TARGET = 12.4;
				LD_RUNPATH_SEARCH_PATHS = (
					"$(inherited)",
					"@executable_path/Frameworks",
				);
				PRODUCT_BUNDLE_IDENTIFIER = com.amirahmed.Trip;
				PRODUCT_NAME = "$(TARGET_NAME)";
				SWIFT_VERSION = 5.0;
				TARGETED_DEVICE_FAMILY = "1,2";
			};
			name = Debug;
		};
		18059E2C23801E760007CA0A /* Release */ = {
			isa = XCBuildConfiguration;
			baseConfigurationReference = B50631FA617AD9203FE5DF24 /* Pods-Trip.release.xcconfig */;
			buildSettings = {
				ASSETCATALOG_COMPILER_APPICON_NAME = AppIcon;
				CODE_SIGN_STYLE = Automatic;
				DEVELOPMENT_TEAM = RHMG8N8S73;
				INFOPLIST_FILE = Trip/Info.plist;
				IPHONEOS_DEPLOYMENT_TARGET = 12.4;
				LD_RUNPATH_SEARCH_PATHS = (
					"$(inherited)",
					"@executable_path/Frameworks",
				);
				PRODUCT_BUNDLE_IDENTIFIER = com.amirahmed.Trip;
				PRODUCT_NAME = "$(TARGET_NAME)";
				SWIFT_VERSION = 5.0;
				TARGETED_DEVICE_FAMILY = "1,2";
			};
			name = Release;
		};
		18059E2E23801E760007CA0A /* Debug */ = {
			isa = XCBuildConfiguration;
			baseConfigurationReference = C30CBAE6489DD027C5FE2332 /* Pods-TripTests.debug.xcconfig */;
			buildSettings = {
				ALWAYS_EMBED_SWIFT_STANDARD_LIBRARIES = YES;
				BUNDLE_LOADER = "$(TEST_HOST)";
				CODE_SIGN_STYLE = Automatic;
				DEVELOPMENT_TEAM = RHMG8N8S73;
				INFOPLIST_FILE = TripTests/Info.plist;
				IPHONEOS_DEPLOYMENT_TARGET = 13.2;
				LD_RUNPATH_SEARCH_PATHS = (
					"$(inherited)",
					"@executable_path/Frameworks",
					"@loader_path/Frameworks",
				);
				PRODUCT_BUNDLE_IDENTIFIER = com.amirahmed.TripTests;
				PRODUCT_NAME = "$(TARGET_NAME)";
				SWIFT_VERSION = 5.0;
				TARGETED_DEVICE_FAMILY = "1,2";
				TEST_HOST = "$(BUILT_PRODUCTS_DIR)/Trip.app/Trip";
			};
			name = Debug;
		};
		18059E2F23801E760007CA0A /* Release */ = {
			isa = XCBuildConfiguration;
			baseConfigurationReference = D083101BAF4A0B7F19E2BDE5 /* Pods-TripTests.release.xcconfig */;
			buildSettings = {
				ALWAYS_EMBED_SWIFT_STANDARD_LIBRARIES = YES;
				BUNDLE_LOADER = "$(TEST_HOST)";
				CODE_SIGN_STYLE = Automatic;
				DEVELOPMENT_TEAM = RHMG8N8S73;
				INFOPLIST_FILE = TripTests/Info.plist;
				IPHONEOS_DEPLOYMENT_TARGET = 13.2;
				LD_RUNPATH_SEARCH_PATHS = (
					"$(inherited)",
					"@executable_path/Frameworks",
					"@loader_path/Frameworks",
				);
				PRODUCT_BUNDLE_IDENTIFIER = com.amirahmed.TripTests;
				PRODUCT_NAME = "$(TARGET_NAME)";
				SWIFT_VERSION = 5.0;
				TARGETED_DEVICE_FAMILY = "1,2";
				TEST_HOST = "$(BUILT_PRODUCTS_DIR)/Trip.app/Trip";
			};
			name = Release;
		};
		18059E3123801E760007CA0A /* Debug */ = {
			isa = XCBuildConfiguration;
			baseConfigurationReference = 74D56256D24FE49A85310761 /* Pods-TripUITests.debug.xcconfig */;
			buildSettings = {
				ALWAYS_EMBED_SWIFT_STANDARD_LIBRARIES = YES;
				CODE_SIGN_STYLE = Automatic;
				DEVELOPMENT_TEAM = RHMG8N8S73;
				INFOPLIST_FILE = TripUITests/Info.plist;
				LD_RUNPATH_SEARCH_PATHS = (
					"$(inherited)",
					"@executable_path/Frameworks",
					"@loader_path/Frameworks",
				);
				PRODUCT_BUNDLE_IDENTIFIER = com.amirahmed.TripUITests;
				PRODUCT_NAME = "$(TARGET_NAME)";
				SWIFT_VERSION = 5.0;
				TARGETED_DEVICE_FAMILY = "1,2";
				TEST_TARGET_NAME = Trip;
			};
			name = Debug;
		};
		18059E3223801E760007CA0A /* Release */ = {
			isa = XCBuildConfiguration;
			baseConfigurationReference = 7B9C62475F4CD85454C33673 /* Pods-TripUITests.release.xcconfig */;
			buildSettings = {
				ALWAYS_EMBED_SWIFT_STANDARD_LIBRARIES = YES;
				CODE_SIGN_STYLE = Automatic;
				DEVELOPMENT_TEAM = RHMG8N8S73;
				INFOPLIST_FILE = TripUITests/Info.plist;
				LD_RUNPATH_SEARCH_PATHS = (
					"$(inherited)",
					"@executable_path/Frameworks",
					"@loader_path/Frameworks",
				);
				PRODUCT_BUNDLE_IDENTIFIER = com.amirahmed.TripUITests;
				PRODUCT_NAME = "$(TARGET_NAME)";
				SWIFT_VERSION = 5.0;
				TARGETED_DEVICE_FAMILY = "1,2";
				TEST_TARGET_NAME = Trip;
			};
			name = Release;
		};
/* End XCBuildConfiguration section */

/* Begin XCConfigurationList section */
		18059DFB23801E740007CA0A /* Build configuration list for PBXProject "Trip" */ = {
			isa = XCConfigurationList;
			buildConfigurations = (
				18059E2823801E760007CA0A /* Debug */,
				18059E2923801E760007CA0A /* Release */,
			);
			defaultConfigurationIsVisible = 0;
			defaultConfigurationName = Release;
		};
		18059E2A23801E760007CA0A /* Build configuration list for PBXNativeTarget "Trip" */ = {
			isa = XCConfigurationList;
			buildConfigurations = (
				18059E2B23801E760007CA0A /* Debug */,
				18059E2C23801E760007CA0A /* Release */,
			);
			defaultConfigurationIsVisible = 0;
			defaultConfigurationName = Release;
		};
		18059E2D23801E760007CA0A /* Build configuration list for PBXNativeTarget "TripTests" */ = {
			isa = XCConfigurationList;
			buildConfigurations = (
				18059E2E23801E760007CA0A /* Debug */,
				18059E2F23801E760007CA0A /* Release */,
			);
			defaultConfigurationIsVisible = 0;
			defaultConfigurationName = Release;
		};
		18059E3023801E760007CA0A /* Build configuration list for PBXNativeTarget "TripUITests" */ = {
			isa = XCConfigurationList;
			buildConfigurations = (
				18059E3123801E760007CA0A /* Debug */,
				18059E3223801E760007CA0A /* Release */,
			);
			defaultConfigurationIsVisible = 0;
			defaultConfigurationName = Release;
		};
/* End XCConfigurationList section */
	};
	rootObject = 18059DF823801E740007CA0A /* Project object */;
}
